// !$*UTF8*$!
{
	archiveVersion = 1;
	classes = {
	};
	objectVersion = 56;
	objects = {

/* Begin PBXBuildFile section */
		BF0F764C2D7E6BFE00F6FBA3 /* RagAPI.swift in Sources */ = {isa = PBXBuildFile; fileRef = BF0F764B2D7E6BFC00F6FBA3 /* RagAPI.swift */; };
		BF71BC272D80AB7C005009E5 /* GeminiAPI.swift in Sources */ = {isa = PBXBuildFile; fileRef = BF71BC262D80AB7C005009E5 /* GeminiAPI.swift */; };
		BF71BC292D80AC27005009E5 /* SecretsFile.swift in Sources */ = {isa = PBXBuildFile; fileRef = BF71BC282D80AC27005009E5 /* SecretsFile.swift */; };
		BF71BC2B2D80ACE8005009E5 /* Secrets.plist in Resources */ = {isa = PBXBuildFile; fileRef = BF71BC2A2D80ACE2005009E5 /* Secrets.plist */; };
		BF73696F2D7CDD6E005889E8 /* ApplicationStationApp.swift in Sources */ = {isa = PBXBuildFile; fileRef = BF73696E2D7CDD6E005889E8 /* ApplicationStationApp.swift */; };
		BF7369712D7CDD6E005889E8 /* CreateAccount.swift in Sources */ = {isa = PBXBuildFile; fileRef = BF7369702D7CDD6E005889E8 /* CreateAccount.swift */; };
		BF7369732D7CDD71005889E8 /* Assets.xcassets in Resources */ = {isa = PBXBuildFile; fileRef = BF7369722D7CDD71005889E8 /* Assets.xcassets */; };
		BF7369762D7CDD71005889E8 /* Preview Assets.xcassets in Resources */ = {isa = PBXBuildFile; fileRef = BF7369752D7CDD71005889E8 /* Preview Assets.xcassets */; };
		BF7369802D7CDD71005889E8 /* ApplicationStationTests.swift in Sources */ = {isa = PBXBuildFile; fileRef = BF73697F2D7CDD71005889E8 /* ApplicationStationTests.swift */; };
		BF73698A2D7CDD71005889E8 /* ApplicationStationUITests.swift in Sources */ = {isa = PBXBuildFile; fileRef = BF7369892D7CDD71005889E8 /* ApplicationStationUITests.swift */; };
		BF73698C2D7CDD71005889E8 /* ApplicationStationUITestsLaunchTests.swift in Sources */ = {isa = PBXBuildFile; fileRef = BF73698B2D7CDD71005889E8 /* ApplicationStationUITestsLaunchTests.swift */; };
		BF73699D2D7CE8F0005889E8 /* FirebaseAuth in Frameworks */ = {isa = PBXBuildFile; productRef = BF73699C2D7CE8F0005889E8 /* FirebaseAuth */; };
		BF73699F2D7CE902005889E8 /* FirebaseFirestore in Frameworks */ = {isa = PBXBuildFile; productRef = BF73699E2D7CE902005889E8 /* FirebaseFirestore */; };
		BF7369A12D7CE9ED005889E8 /* AuthManager.swift in Sources */ = {isa = PBXBuildFile; fileRef = BF7369A02D7CE9ED005889E8 /* AuthManager.swift */; };
		BF7369A32D7CEB02005889E8 /* GoogleService-Info.plist in Resources */ = {isa = PBXBuildFile; fileRef = BF7369A22D7CEB02005889E8 /* GoogleService-Info.plist */; };
		BF7369A52D7CED2C005889E8 /* LoginView.swift in Sources */ = {isa = PBXBuildFile; fileRef = BF7369A42D7CED2C005889E8 /* LoginView.swift */; };
		BF7369A72D7CF1B8005889E8 /* RagChat.swift in Sources */ = {isa = PBXBuildFile; fileRef = BF7369A62D7CF1B8005889E8 /* RagChat.swift */; };
		BF7369AB2D7D169F005889E8 /* DataManager.swift in Sources */ = {isa = PBXBuildFile; fileRef = BF7369AA2D7D169F005889E8 /* DataManager.swift */; };
		BF7369AD2D7D1BC3005889E8 /* MessageStruct.swift in Sources */ = {isa = PBXBuildFile; fileRef = BF7369AC2D7D1BC3005889E8 /* MessageStruct.swift */; };
/* End PBXBuildFile section */

/* Begin PBXContainerItemProxy section */
		BF73697C2D7CDD71005889E8 /* PBXContainerItemProxy */ = {
			isa = PBXContainerItemProxy;
			containerPortal = BF7369632D7CDD6E005889E8 /* Project object */;
			proxyType = 1;
			remoteGlobalIDString = BF73696A2D7CDD6E005889E8;
			remoteInfo = ApplicationStation;
		};
		BF7369862D7CDD71005889E8 /* PBXContainerItemProxy */ = {
			isa = PBXContainerItemProxy;
			containerPortal = BF7369632D7CDD6E005889E8 /* Project object */;
			proxyType = 1;
			remoteGlobalIDString = BF73696A2D7CDD6E005889E8;
			remoteInfo = ApplicationStation;
		};
/* End PBXContainerItemProxy section */

/* Begin PBXFileReference section */
		BF0F764B2D7E6BFC00F6FBA3 /* RagAPI.swift */ = {isa = PBXFileReference; lastKnownFileType = sourcecode.swift; path = RagAPI.swift; sourceTree = "<group>"; };
		BF71BC262D80AB7C005009E5 /* GeminiAPI.swift */ = {isa = PBXFileReference; lastKnownFileType = sourcecode.swift; path = GeminiAPI.swift; sourceTree = "<group>"; };
		BF71BC282D80AC27005009E5 /* SecretsFile.swift */ = {isa = PBXFileReference; lastKnownFileType = sourcecode.swift; path = SecretsFile.swift; sourceTree = "<group>"; };
		BF71BC2A2D80ACE2005009E5 /* Secrets.plist */ = {isa = PBXFileReference; lastKnownFileType = text.plist; path = Secrets.plist; sourceTree = "<group>"; };
		BF73696B2D7CDD6E005889E8 /* ApplicationStation.app */ = {isa = PBXFileReference; explicitFileType = wrapper.application; includeInIndex = 0; path = ApplicationStation.app; sourceTree = BUILT_PRODUCTS_DIR; };
		BF73696E2D7CDD6E005889E8 /* ApplicationStationApp.swift */ = {isa = PBXFileReference; lastKnownFileType = sourcecode.swift; path = ApplicationStationApp.swift; sourceTree = "<group>"; };
		BF7369702D7CDD6E005889E8 /* CreateAccount.swift */ = {isa = PBXFileReference; lastKnownFileType = sourcecode.swift; path = CreateAccount.swift; sourceTree = "<group>"; };
		BF7369722D7CDD71005889E8 /* Assets.xcassets */ = {isa = PBXFileReference; lastKnownFileType = folder.assetcatalog; path = Assets.xcassets; sourceTree = "<group>"; };
		BF7369752D7CDD71005889E8 /* Preview Assets.xcassets */ = {isa = PBXFileReference; lastKnownFileType = folder.assetcatalog; path = "Preview Assets.xcassets"; sourceTree = "<group>"; };
		BF73697B2D7CDD71005889E8 /* ApplicationStationTests.xctest */ = {isa = PBXFileReference; explicitFileType = wrapper.cfbundle; includeInIndex = 0; path = ApplicationStationTests.xctest; sourceTree = BUILT_PRODUCTS_DIR; };
		BF73697F2D7CDD71005889E8 /* ApplicationStationTests.swift */ = {isa = PBXFileReference; lastKnownFileType = sourcecode.swift; path = ApplicationStationTests.swift; sourceTree = "<group>"; };
		BF7369852D7CDD71005889E8 /* ApplicationStationUITests.xctest */ = {isa = PBXFileReference; explicitFileType = wrapper.cfbundle; includeInIndex = 0; path = ApplicationStationUITests.xctest; sourceTree = BUILT_PRODUCTS_DIR; };
		BF7369892D7CDD71005889E8 /* ApplicationStationUITests.swift */ = {isa = PBXFileReference; lastKnownFileType = sourcecode.swift; path = ApplicationStationUITests.swift; sourceTree = "<group>"; };
		BF73698B2D7CDD71005889E8 /* ApplicationStationUITestsLaunchTests.swift */ = {isa = PBXFileReference; lastKnownFileType = sourcecode.swift; path = ApplicationStationUITestsLaunchTests.swift; sourceTree = "<group>"; };
		BF7369A02D7CE9ED005889E8 /* AuthManager.swift */ = {isa = PBXFileReference; lastKnownFileType = sourcecode.swift; path = AuthManager.swift; sourceTree = "<group>"; };
		BF7369A22D7CEB02005889E8 /* GoogleService-Info.plist */ = {isa = PBXFileReference; fileEncoding = 4; lastKnownFileType = text.plist.xml; path = "GoogleService-Info.plist"; sourceTree = "<group>"; };
		BF7369A42D7CED2C005889E8 /* LoginView.swift */ = {isa = PBXFileReference; lastKnownFileType = sourcecode.swift; path = LoginView.swift; sourceTree = "<group>"; };
		BF7369A62D7CF1B8005889E8 /* RagChat.swift */ = {isa = PBXFileReference; lastKnownFileType = sourcecode.swift; path = RagChat.swift; sourceTree = "<group>"; };
		BF7369AA2D7D169F005889E8 /* DataManager.swift */ = {isa = PBXFileReference; lastKnownFileType = sourcecode.swift; path = DataManager.swift; sourceTree = "<group>"; };
		BF7369AC2D7D1BC3005889E8 /* MessageStruct.swift */ = {isa = PBXFileReference; lastKnownFileType = sourcecode.swift; path = MessageStruct.swift; sourceTree = "<group>"; };
/* End PBXFileReference section */

/* Begin PBXFrameworksBuildPhase section */
		BF7369682D7CDD6E005889E8 /* Frameworks */ = {
			isa = PBXFrameworksBuildPhase;
			buildActionMask = 2147483647;
			files = (
				BF73699D2D7CE8F0005889E8 /* FirebaseAuth in Frameworks */,
				BF73699F2D7CE902005889E8 /* FirebaseFirestore in Frameworks */,
			);
			runOnlyForDeploymentPostprocessing = 0;
		};
		BF7369782D7CDD71005889E8 /* Frameworks */ = {
			isa = PBXFrameworksBuildPhase;
			buildActionMask = 2147483647;
			files = (
			);
			runOnlyForDeploymentPostprocessing = 0;
		};
		BF7369822D7CDD71005889E8 /* Frameworks */ = {
			isa = PBXFrameworksBuildPhase;
			buildActionMask = 2147483647;
			files = (
			);
			runOnlyForDeploymentPostprocessing = 0;
		};
/* End PBXFrameworksBuildPhase section */

/* Begin PBXGroup section */
		BF7369622D7CDD6E005889E8 = {
			isa = PBXGroup;
			children = (
				BF73696D2D7CDD6E005889E8 /* ApplicationStation */,
				BF73697E2D7CDD71005889E8 /* ApplicationStationTests */,
				BF7369882D7CDD71005889E8 /* ApplicationStationUITests */,
				BF73696C2D7CDD6E005889E8 /* Products */,
				BF73699B2D7CE8F0005889E8 /* Frameworks */,
			);
			sourceTree = "<group>";
		};
		BF73696C2D7CDD6E005889E8 /* Products */ = {
			isa = PBXGroup;
			children = (
				BF73696B2D7CDD6E005889E8 /* ApplicationStation.app */,
				BF73697B2D7CDD71005889E8 /* ApplicationStationTests.xctest */,
				BF7369852D7CDD71005889E8 /* ApplicationStationUITests.xctest */,
			);
			name = Products;
			sourceTree = "<group>";
		};
		BF73696D2D7CDD6E005889E8 /* ApplicationStation */ = {
			isa = PBXGroup;
			children = (
				BF7369A22D7CEB02005889E8 /* GoogleService-Info.plist */,
				BF73696E2D7CDD6E005889E8 /* ApplicationStationApp.swift */,
				BF7369A02D7CE9ED005889E8 /* AuthManager.swift */,
				BF7369702D7CDD6E005889E8 /* CreateAccount.swift */,
				BF7369A62D7CF1B8005889E8 /* RagChat.swift */,
				BF71BC262D80AB7C005009E5 /* GeminiAPI.swift */,
				BF71BC282D80AC27005009E5 /* SecretsFile.swift */,
				BF71BC2A2D80ACE2005009E5 /* Secrets.plist */,
				BF7369AA2D7D169F005889E8 /* DataManager.swift */,
				BF7369AC2D7D1BC3005889E8 /* MessageStruct.swift */,
				BF7369A42D7CED2C005889E8 /* LoginView.swift */,
				BF0F764B2D7E6BFC00F6FBA3 /* RagAPI.swift */,
				BF7369722D7CDD71005889E8 /* Assets.xcassets */,
				BF7369742D7CDD71005889E8 /* Preview Content */,
			);
			path = ApplicationStation;
			sourceTree = "<group>";
		};
		BF7369742D7CDD71005889E8 /* Preview Content */ = {
			isa = PBXGroup;
			children = (
				BF7369752D7CDD71005889E8 /* Preview Assets.xcassets */,
			);
			path = "Preview Content";
			sourceTree = "<group>";
		};
		BF73697E2D7CDD71005889E8 /* ApplicationStationTests */ = {
			isa = PBXGroup;
			children = (
				BF73697F2D7CDD71005889E8 /* ApplicationStationTests.swift */,
			);
			path = ApplicationStationTests;
			sourceTree = "<group>";
		};
		BF7369882D7CDD71005889E8 /* ApplicationStationUITests */ = {
			isa = PBXGroup;
			children = (
				BF7369892D7CDD71005889E8 /* ApplicationStationUITests.swift */,
				BF73698B2D7CDD71005889E8 /* ApplicationStationUITestsLaunchTests.swift */,
			);
			path = ApplicationStationUITests;
			sourceTree = "<group>";
		};
		BF73699B2D7CE8F0005889E8 /* Frameworks */ = {
			isa = PBXGroup;
			children = (
			);
			name = Frameworks;
			sourceTree = "<group>";
		};
/* End PBXGroup section */

/* Begin PBXNativeTarget section */
		BF73696A2D7CDD6E005889E8 /* ApplicationStation */ = {
			isa = PBXNativeTarget;
			buildConfigurationList = BF73698F2D7CDD71005889E8 /* Build configuration list for PBXNativeTarget "ApplicationStation" */;
			buildPhases = (
				BF7369672D7CDD6E005889E8 /* Sources */,
				BF7369682D7CDD6E005889E8 /* Frameworks */,
				BF7369692D7CDD6E005889E8 /* Resources */,
			);
			buildRules = (
			);
			dependencies = (
			);
			name = ApplicationStation;
			packageProductDependencies = (
				BF73699C2D7CE8F0005889E8 /* FirebaseAuth */,
				BF73699E2D7CE902005889E8 /* FirebaseFirestore */,
			);
			productName = ApplicationStation;
			productReference = BF73696B2D7CDD6E005889E8 /* ApplicationStation.app */;
			productType = "com.apple.product-type.application";
		};
		BF73697A2D7CDD71005889E8 /* ApplicationStationTests */ = {
			isa = PBXNativeTarget;
			buildConfigurationList = BF7369922D7CDD71005889E8 /* Build configuration list for PBXNativeTarget "ApplicationStationTests" */;
			buildPhases = (
				BF7369772D7CDD71005889E8 /* Sources */,
				BF7369782D7CDD71005889E8 /* Frameworks */,
				BF7369792D7CDD71005889E8 /* Resources */,
			);
			buildRules = (
			);
			dependencies = (
				BF73697D2D7CDD71005889E8 /* PBXTargetDependency */,
			);
			name = ApplicationStationTests;
			productName = ApplicationStationTests;
			productReference = BF73697B2D7CDD71005889E8 /* ApplicationStationTests.xctest */;
			productType = "com.apple.product-type.bundle.unit-test";
		};
		BF7369842D7CDD71005889E8 /* ApplicationStationUITests */ = {
			isa = PBXNativeTarget;
			buildConfigurationList = BF7369952D7CDD71005889E8 /* Build configuration list for PBXNativeTarget "ApplicationStationUITests" */;
			buildPhases = (
				BF7369812D7CDD71005889E8 /* Sources */,
				BF7369822D7CDD71005889E8 /* Frameworks */,
				BF7369832D7CDD71005889E8 /* Resources */,
			);
			buildRules = (
			);
			dependencies = (
				BF7369872D7CDD71005889E8 /* PBXTargetDependency */,
			);
			name = ApplicationStationUITests;
			productName = ApplicationStationUITests;
			productReference = BF7369852D7CDD71005889E8 /* ApplicationStationUITests.xctest */;
			productType = "com.apple.product-type.bundle.ui-testing";
		};
/* End PBXNativeTarget section */

/* Begin PBXProject section */
		BF7369632D7CDD6E005889E8 /* Project object */ = {
			isa = PBXProject;
			attributes = {
				BuildIndependentTargetsInParallel = 1;
				LastSwiftUpdateCheck = 1520;
				LastUpgradeCheck = 1520;
				TargetAttributes = {
					BF73696A2D7CDD6E005889E8 = {
						CreatedOnToolsVersion = 15.2;
					};
					BF73697A2D7CDD71005889E8 = {
						CreatedOnToolsVersion = 15.2;
						TestTargetID = BF73696A2D7CDD6E005889E8;
					};
					BF7369842D7CDD71005889E8 = {
						CreatedOnToolsVersion = 15.2;
						TestTargetID = BF73696A2D7CDD6E005889E8;
					};
				};
			};
			buildConfigurationList = BF7369662D7CDD6E005889E8 /* Build configuration list for PBXProject "ApplicationStation" */;
			compatibilityVersion = "Xcode 14.0";
			developmentRegion = en;
			hasScannedForEncodings = 0;
			knownRegions = (
				en,
				Base,
			);
			mainGroup = BF7369622D7CDD6E005889E8;
			packageReferences = (
				BF73699A2D7CE86C005889E8 /* XCRemoteSwiftPackageReference "firebase-ios-sdk" */,
			);
			productRefGroup = BF73696C2D7CDD6E005889E8 /* Products */;
			projectDirPath = "";
			projectRoot = "";
			targets = (
				BF73696A2D7CDD6E005889E8 /* ApplicationStation */,
				BF73697A2D7CDD71005889E8 /* ApplicationStationTests */,
				BF7369842D7CDD71005889E8 /* ApplicationStationUITests */,
			);
		};
/* End PBXProject section */

/* Begin PBXResourcesBuildPhase section */
		BF7369692D7CDD6E005889E8 /* Resources */ = {
			isa = PBXResourcesBuildPhase;
			buildActionMask = 2147483647;
			files = (
				BF71BC2B2D80ACE8005009E5 /* Secrets.plist in Resources */,
				BF7369762D7CDD71005889E8 /* Preview Assets.xcassets in Resources */,
				BF7369732D7CDD71005889E8 /* Assets.xcassets in Resources */,
				BF7369A32D7CEB02005889E8 /* GoogleService-Info.plist in Resources */,
			);
			runOnlyForDeploymentPostprocessing = 0;
		};
		BF7369792D7CDD71005889E8 /* Resources */ = {
			isa = PBXResourcesBuildPhase;
			buildActionMask = 2147483647;
			files = (
			);
			runOnlyForDeploymentPostprocessing = 0;
		};
		BF7369832D7CDD71005889E8 /* Resources */ = {
			isa = PBXResourcesBuildPhase;
			buildActionMask = 2147483647;
			files = (
			);
			runOnlyForDeploymentPostprocessing = 0;
		};
/* End PBXResourcesBuildPhase section */

/* Begin PBXSourcesBuildPhase section */
		BF7369672D7CDD6E005889E8 /* Sources */ = {
			isa = PBXSourcesBuildPhase;
			buildActionMask = 2147483647;
			files = (
				BF71BC272D80AB7C005009E5 /* GeminiAPI.swift in Sources */,
				BF71BC292D80AC27005009E5 /* SecretsFile.swift in Sources */,
				BF7369712D7CDD6E005889E8 /* CreateAccount.swift in Sources */,
				BF7369AB2D7D169F005889E8 /* DataManager.swift in Sources */,
				BF0F764C2D7E6BFE00F6FBA3 /* RagAPI.swift in Sources */,
				BF7369A12D7CE9ED005889E8 /* AuthManager.swift in Sources */,
				BF7369A52D7CED2C005889E8 /* LoginView.swift in Sources */,
				BF7369A72D7CF1B8005889E8 /* RagChat.swift in Sources */,
				BF7369AD2D7D1BC3005889E8 /* MessageStruct.swift in Sources */,
				BF73696F2D7CDD6E005889E8 /* ApplicationStationApp.swift in Sources */,
			);
			runOnlyForDeploymentPostprocessing = 0;
		};
		BF7369772D7CDD71005889E8 /* Sources */ = {
			isa = PBXSourcesBuildPhase;
			buildActionMask = 2147483647;
			files = (
				BF7369802D7CDD71005889E8 /* ApplicationStationTests.swift in Sources */,
			);
			runOnlyForDeploymentPostprocessing = 0;
		};
		BF7369812D7CDD71005889E8 /* Sources */ = {
			isa = PBXSourcesBuildPhase;
			buildActionMask = 2147483647;
			files = (
				BF73698C2D7CDD71005889E8 /* ApplicationStationUITestsLaunchTests.swift in Sources */,
				BF73698A2D7CDD71005889E8 /* ApplicationStationUITests.swift in Sources */,
			);
			runOnlyForDeploymentPostprocessing = 0;
		};
/* End PBXSourcesBuildPhase section */

/* Begin PBXTargetDependency section */
		BF73697D2D7CDD71005889E8 /* PBXTargetDependency */ = {
			isa = PBXTargetDependency;
			target = BF73696A2D7CDD6E005889E8 /* ApplicationStation */;
			targetProxy = BF73697C2D7CDD71005889E8 /* PBXContainerItemProxy */;
		};
		BF7369872D7CDD71005889E8 /* PBXTargetDependency */ = {
			isa = PBXTargetDependency;
			target = BF73696A2D7CDD6E005889E8 /* ApplicationStation */;
			targetProxy = BF7369862D7CDD71005889E8 /* PBXContainerItemProxy */;
		};
/* End PBXTargetDependency section */

/* Begin XCBuildConfiguration section */
		BF73698D2D7CDD71005889E8 /* Debug */ = {
			isa = XCBuildConfiguration;
			buildSettings = {
				ALWAYS_SEARCH_USER_PATHS = NO;
				ASSETCATALOG_COMPILER_GENERATE_SWIFT_ASSET_SYMBOL_EXTENSIONS = YES;
				CLANG_ANALYZER_NONNULL = YES;
				CLANG_ANALYZER_NUMBER_OBJECT_CONVERSION = YES_AGGRESSIVE;
				CLANG_CXX_LANGUAGE_STANDARD = "gnu++20";
				CLANG_ENABLE_MODULES = YES;
				CLANG_ENABLE_OBJC_ARC = YES;
				CLANG_ENABLE_OBJC_WEAK = YES;
				CLANG_WARN_BLOCK_CAPTURE_AUTORELEASING = YES;
				CLANG_WARN_BOOL_CONVERSION = YES;
				CLANG_WARN_COMMA = YES;
				CLANG_WARN_CONSTANT_CONVERSION = YES;
				CLANG_WARN_DEPRECATED_OBJC_IMPLEMENTATIONS = YES;
				CLANG_WARN_DIRECT_OBJC_ISA_USAGE = YES_ERROR;
				CLANG_WARN_DOCUMENTATION_COMMENTS = YES;
				CLANG_WARN_EMPTY_BODY = YES;
				CLANG_WARN_ENUM_CONVERSION = YES;
				CLANG_WARN_INFINITE_RECURSION = YES;
				CLANG_WARN_INT_CONVERSION = YES;
				CLANG_WARN_NON_LITERAL_NULL_CONVERSION = YES;
				CLANG_WARN_OBJC_IMPLICIT_RETAIN_SELF = YES;
				CLANG_WARN_OBJC_LITERAL_CONVERSION = YES;
				CLANG_WARN_OBJC_ROOT_CLASS = YES_ERROR;
				CLANG_WARN_QUOTED_INCLUDE_IN_FRAMEWORK_HEADER = YES;
				CLANG_WARN_RANGE_LOOP_ANALYSIS = YES;
				CLANG_WARN_STRICT_PROTOTYPES = YES;
				CLANG_WARN_SUSPICIOUS_MOVE = YES;
				CLANG_WARN_UNGUARDED_AVAILABILITY = YES_AGGRESSIVE;
				CLANG_WARN_UNREACHABLE_CODE = YES;
				CLANG_WARN__DUPLICATE_METHOD_MATCH = YES;
				COPY_PHASE_STRIP = NO;
				DEBUG_INFORMATION_FORMAT = dwarf;
				ENABLE_STRICT_OBJC_MSGSEND = YES;
				ENABLE_TESTABILITY = YES;
				ENABLE_USER_SCRIPT_SANDBOXING = YES;
				GCC_C_LANGUAGE_STANDARD = gnu17;
				GCC_DYNAMIC_NO_PIC = NO;
				GCC_NO_COMMON_BLOCKS = YES;
				GCC_OPTIMIZATION_LEVEL = 0;
				GCC_PREPROCESSOR_DEFINITIONS = (
					"DEBUG=1",
					"$(inherited)",
				);
				GCC_WARN_64_TO_32_BIT_CONVERSION = YES;
				GCC_WARN_ABOUT_RETURN_TYPE = YES_ERROR;
				GCC_WARN_UNDECLARED_SELECTOR = YES;
				GCC_WARN_UNINITIALIZED_AUTOS = YES_AGGRESSIVE;
				GCC_WARN_UNUSED_FUNCTION = YES;
				GCC_WARN_UNUSED_VARIABLE = YES;
				IPHONEOS_DEPLOYMENT_TARGET = 17.2;
				LOCALIZATION_PREFERS_STRING_CATALOGS = YES;
				MTL_ENABLE_DEBUG_INFO = INCLUDE_SOURCE;
				MTL_FAST_MATH = YES;
				ONLY_ACTIVE_ARCH = YES;
				SDKROOT = iphoneos;
				SWIFT_ACTIVE_COMPILATION_CONDITIONS = "DEBUG $(inherited)";
				SWIFT_OPTIMIZATION_LEVEL = "-Onone";
			};
			name = Debug;
		};
		BF73698E2D7CDD71005889E8 /* Release */ = {
			isa = XCBuildConfiguration;
			buildSettings = {
				ALWAYS_SEARCH_USER_PATHS = NO;
				ASSETCATALOG_COMPILER_GENERATE_SWIFT_ASSET_SYMBOL_EXTENSIONS = YES;
				CLANG_ANALYZER_NONNULL = YES;
				CLANG_ANALYZER_NUMBER_OBJECT_CONVERSION = YES_AGGRESSIVE;
				CLANG_CXX_LANGUAGE_STANDARD = "gnu++20";
				CLANG_ENABLE_MODULES = YES;
				CLANG_ENABLE_OBJC_ARC = YES;
				CLANG_ENABLE_OBJC_WEAK = YES;
				CLANG_WARN_BLOCK_CAPTURE_AUTORELEASING = YES;
				CLANG_WARN_BOOL_CONVERSION = YES;
				CLANG_WARN_COMMA = YES;
				CLANG_WARN_CONSTANT_CONVERSION = YES;
				CLANG_WARN_DEPRECATED_OBJC_IMPLEMENTATIONS = YES;
				CLANG_WARN_DIRECT_OBJC_ISA_USAGE = YES_ERROR;
				CLANG_WARN_DOCUMENTATION_COMMENTS = YES;
				CLANG_WARN_EMPTY_BODY = YES;
				CLANG_WARN_ENUM_CONVERSION = YES;
				CLANG_WARN_INFINITE_RECURSION = YES;
				CLANG_WARN_INT_CONVERSION = YES;
				CLANG_WARN_NON_LITERAL_NULL_CONVERSION = YES;
				CLANG_WARN_OBJC_IMPLICIT_RETAIN_SELF = YES;
				CLANG_WARN_OBJC_LITERAL_CONVERSION = YES;
				CLANG_WARN_OBJC_ROOT_CLASS = YES_ERROR;
				CLANG_WARN_QUOTED_INCLUDE_IN_FRAMEWORK_HEADER = YES;
				CLANG_WARN_RANGE_LOOP_ANALYSIS = YES;
				CLANG_WARN_STRICT_PROTOTYPES = YES;
				CLANG_WARN_SUSPICIOUS_MOVE = YES;
				CLANG_WARN_UNGUARDED_AVAILABILITY = YES_AGGRESSIVE;
				CLANG_WARN_UNREACHABLE_CODE = YES;
				CLANG_WARN__DUPLICATE_METHOD_MATCH = YES;
				COPY_PHASE_STRIP = NO;
				DEBUG_INFORMATION_FORMAT = "dwarf-with-dsym";
				ENABLE_NS_ASSERTIONS = NO;
				ENABLE_STRICT_OBJC_MSGSEND = YES;
				ENABLE_USER_SCRIPT_SANDBOXING = YES;
				GCC_C_LANGUAGE_STANDARD = gnu17;
				GCC_NO_COMMON_BLOCKS = YES;
				GCC_WARN_64_TO_32_BIT_CONVERSION = YES;
				GCC_WARN_ABOUT_RETURN_TYPE = YES_ERROR;
				GCC_WARN_UNDECLARED_SELECTOR = YES;
				GCC_WARN_UNINITIALIZED_AUTOS = YES_AGGRESSIVE;
				GCC_WARN_UNUSED_FUNCTION = YES;
				GCC_WARN_UNUSED_VARIABLE = YES;
				IPHONEOS_DEPLOYMENT_TARGET = 17.2;
				LOCALIZATION_PREFERS_STRING_CATALOGS = YES;
				MTL_ENABLE_DEBUG_INFO = NO;
				MTL_FAST_MATH = YES;
				SDKROOT = iphoneos;
				SWIFT_COMPILATION_MODE = wholemodule;
				VALIDATE_PRODUCT = YES;
			};
			name = Release;
		};
		BF7369902D7CDD71005889E8 /* Debug */ = {
			isa = XCBuildConfiguration;
			buildSettings = {
				ASSETCATALOG_COMPILER_APPICON_NAME = AppIcon;
				ASSETCATALOG_COMPILER_GLOBAL_ACCENT_COLOR_NAME = AccentColor;
				CODE_SIGN_STYLE = Automatic;
				CURRENT_PROJECT_VERSION = 1;
				DEVELOPMENT_ASSET_PATHS = "\"ApplicationStation/Preview Content\"";
				ENABLE_PREVIEWS = YES;
				GENERATE_INFOPLIST_FILE = YES;
				INFOPLIST_KEY_UIApplicationSceneManifest_Generation = YES;
				INFOPLIST_KEY_UIApplicationSupportsIndirectInputEvents = YES;
				INFOPLIST_KEY_UILaunchScreen_Generation = YES;
				INFOPLIST_KEY_UISupportedInterfaceOrientations_iPad = "UIInterfaceOrientationPortrait UIInterfaceOrientationPortraitUpsideDown UIInterfaceOrientationLandscapeLeft UIInterfaceOrientationLandscapeRight";
				INFOPLIST_KEY_UISupportedInterfaceOrientations_iPhone = "UIInterfaceOrientationPortrait UIInterfaceOrientationLandscapeLeft UIInterfaceOrientationLandscapeRight";
				LD_RUNPATH_SEARCH_PATHS = (
					"$(inherited)",
					"@executable_path/Frameworks",
				);
				MARKETING_VERSION = 1.0;
				PRODUCT_BUNDLE_IDENTIFIER = darian.ApplicationStation;
				PRODUCT_NAME = "$(TARGET_NAME)";
				SWIFT_EMIT_LOC_STRINGS = YES;
				SWIFT_VERSION = 5.0;
				TARGETED_DEVICE_FAMILY = "1,2";
			};
			name = Debug;
		};
		BF7369912D7CDD71005889E8 /* Release */ = {
			isa = XCBuildConfiguration;
			buildSettings = {
				ASSETCATALOG_COMPILER_APPICON_NAME = AppIcon;
				ASSETCATALOG_COMPILER_GLOBAL_ACCENT_COLOR_NAME = AccentColor;
				CODE_SIGN_STYLE = Automatic;
				CURRENT_PROJECT_VERSION = 1;
				DEVELOPMENT_ASSET_PATHS = "\"ApplicationStation/Preview Content\"";
				ENABLE_PREVIEWS = YES;
				GENERATE_INFOPLIST_FILE = YES;
				INFOPLIST_KEY_UIApplicationSceneManifest_Generation = YES;
				INFOPLIST_KEY_UIApplicationSupportsIndirectInputEvents = YES;
				INFOPLIST_KEY_UILaunchScreen_Generation = YES;
				INFOPLIST_KEY_UISupportedInterfaceOrientations_iPad = "UIInterfaceOrientationPortrait UIInterfaceOrientationPortraitUpsideDown UIInterfaceOrientationLandscapeLeft UIInterfaceOrientationLandscapeRight";
				INFOPLIST_KEY_UISupportedInterfaceOrientations_iPhone = "UIInterfaceOrientationPortrait UIInterfaceOrientationLandscapeLeft UIInterfaceOrientationLandscapeRight";
				LD_RUNPATH_SEARCH_PATHS = (
					"$(inherited)",
					"@executable_path/Frameworks",
				);
				MARKETING_VERSION = 1.0;
				PRODUCT_BUNDLE_IDENTIFIER = darian.ApplicationStation;
				PRODUCT_NAME = "$(TARGET_NAME)";
				SWIFT_EMIT_LOC_STRINGS = YES;
				SWIFT_VERSION = 5.0;
				TARGETED_DEVICE_FAMILY = "1,2";
			};
			name = Release;
		};
		BF7369932D7CDD71005889E8 /* Debug */ = {
			isa = XCBuildConfiguration;
			buildSettings = {
				ALWAYS_EMBED_SWIFT_STANDARD_LIBRARIES = YES;
				BUNDLE_LOADER = "$(TEST_HOST)";
				CODE_SIGN_STYLE = Automatic;
				CURRENT_PROJECT_VERSION = 1;
				GENERATE_INFOPLIST_FILE = YES;
				IPHONEOS_DEPLOYMENT_TARGET = 17.2;
				MARKETING_VERSION = 1.0;
				PRODUCT_BUNDLE_IDENTIFIER = darian.ApplicationStationTests;
				PRODUCT_NAME = "$(TARGET_NAME)";
				SWIFT_EMIT_LOC_STRINGS = NO;
				SWIFT_VERSION = 5.0;
				TARGETED_DEVICE_FAMILY = "1,2";
				TEST_HOST = "$(BUILT_PRODUCTS_DIR)/ApplicationStation.app/$(BUNDLE_EXECUTABLE_FOLDER_PATH)/ApplicationStation";
			};
			name = Debug;
		};
		BF7369942D7CDD71005889E8 /* Release */ = {
			isa = XCBuildConfiguration;
			buildSettings = {
				ALWAYS_EMBED_SWIFT_STANDARD_LIBRARIES = YES;
				BUNDLE_LOADER = "$(TEST_HOST)";
				CODE_SIGN_STYLE = Automatic;
				CURRENT_PROJECT_VERSION = 1;
				GENERATE_INFOPLIST_FILE = YES;
				IPHONEOS_DEPLOYMENT_TARGET = 17.2;
				MARKETING_VERSION = 1.0;
				PRODUCT_BUNDLE_IDENTIFIER = darian.ApplicationStationTests;
				PRODUCT_NAME = "$(TARGET_NAME)";
				SWIFT_EMIT_LOC_STRINGS = NO;
				SWIFT_VERSION = 5.0;
				TARGETED_DEVICE_FAMILY = "1,2";
				TEST_HOST = "$(BUILT_PRODUCTS_DIR)/ApplicationStation.app/$(BUNDLE_EXECUTABLE_FOLDER_PATH)/ApplicationStation";
			};
			name = Release;
		};
		BF7369962D7CDD71005889E8 /* Debug */ = {
			isa = XCBuildConfiguration;
			buildSettings = {
				ALWAYS_EMBED_SWIFT_STANDARD_LIBRARIES = YES;
				CODE_SIGN_STYLE = Automatic;
				CURRENT_PROJECT_VERSION = 1;
				GENERATE_INFOPLIST_FILE = YES;
				MARKETING_VERSION = 1.0;
				PRODUCT_BUNDLE_IDENTIFIER = darian.ApplicationStationUITests;
				PRODUCT_NAME = "$(TARGET_NAME)";
				SWIFT_EMIT_LOC_STRINGS = NO;
				SWIFT_VERSION = 5.0;
				TARGETED_DEVICE_FAMILY = "1,2";
				TEST_TARGET_NAME = ApplicationStation;
			};
			name = Debug;
		};
		BF7369972D7CDD71005889E8 /* Release */ = {
			isa = XCBuildConfiguration;
			buildSettings = {
				ALWAYS_EMBED_SWIFT_STANDARD_LIBRARIES = YES;
				CODE_SIGN_STYLE = Automatic;
				CURRENT_PROJECT_VERSION = 1;
				GENERATE_INFOPLIST_FILE = YES;
				MARKETING_VERSION = 1.0;
				PRODUCT_BUNDLE_IDENTIFIER = darian.ApplicationStationUITests;
				PRODUCT_NAME = "$(TARGET_NAME)";
				SWIFT_EMIT_LOC_STRINGS = NO;
				SWIFT_VERSION = 5.0;
				TARGETED_DEVICE_FAMILY = "1,2";
				TEST_TARGET_NAME = ApplicationStation;
			};
			name = Release;
		};
/* End XCBuildConfiguration section */

/* Begin XCConfigurationList section */
		BF7369662D7CDD6E005889E8 /* Build configuration list for PBXProject "ApplicationStation" */ = {
			isa = XCConfigurationList;
			buildConfigurations = (
				BF73698D2D7CDD71005889E8 /* Debug */,
				BF73698E2D7CDD71005889E8 /* Release */,
			);
			defaultConfigurationIsVisible = 0;
			defaultConfigurationName = Release;
		};
		BF73698F2D7CDD71005889E8 /* Build configuration list for PBXNativeTarget "ApplicationStation" */ = {
			isa = XCConfigurationList;
			buildConfigurations = (
				BF7369902D7CDD71005889E8 /* Debug */,
				BF7369912D7CDD71005889E8 /* Release */,
			);
			defaultConfigurationIsVisible = 0;
			defaultConfigurationName = Release;
		};
		BF7369922D7CDD71005889E8 /* Build configuration list for PBXNativeTarget "ApplicationStationTests" */ = {
			isa = XCConfigurationList;
			buildConfigurations = (
				BF7369932D7CDD71005889E8 /* Debug */,
				BF7369942D7CDD71005889E8 /* Release */,
			);
			defaultConfigurationIsVisible = 0;
			defaultConfigurationName = Release;
		};
		BF7369952D7CDD71005889E8 /* Build configuration list for PBXNativeTarget "ApplicationStationUITests" */ = {
			isa = XCConfigurationList;
			buildConfigurations = (
				BF7369962D7CDD71005889E8 /* Debug */,
				BF7369972D7CDD71005889E8 /* Release */,
			);
			defaultConfigurationIsVisible = 0;
			defaultConfigurationName = Release;
		};
/* End XCConfigurationList section */

/* Begin XCRemoteSwiftPackageReference section */
		BF73699A2D7CE86C005889E8 /* XCRemoteSwiftPackageReference "firebase-ios-sdk" */ = {
			isa = XCRemoteSwiftPackageReference;
			repositoryURL = "https://github.com/firebase/firebase-ios-sdk";
			requirement = {
				kind = upToNextMajorVersion;
				minimumVersion = 11.9.0;
			};
		};
/* End XCRemoteSwiftPackageReference section */

/* Begin XCSwiftPackageProductDependency section */
		BF73699C2D7CE8F0005889E8 /* FirebaseAuth */ = {
			isa = XCSwiftPackageProductDependency;
			package = BF73699A2D7CE86C005889E8 /* XCRemoteSwiftPackageReference "firebase-ios-sdk" */;
			productName = FirebaseAuth;
		};
		BF73699E2D7CE902005889E8 /* FirebaseFirestore */ = {
			isa = XCSwiftPackageProductDependency;
			package = BF73699A2D7CE86C005889E8 /* XCRemoteSwiftPackageReference "firebase-ios-sdk" */;
			productName = FirebaseFirestore;
		};
/* End XCSwiftPackageProductDependency section */
	};
	rootObject = BF7369632D7CDD6E005889E8 /* Project object */;
}
